
Microsoft Visual Studio Solution File, Format Version 12.00
# Visual Studio 15
VisualStudioVersion = 15.0.27703.2035
MinimumVisualStudioVersion = 10.0.40219.1
Project("{2150E333-8FDC-42A3-9474-1A3956D46DE8}") = "Solution Items", "Solution Items", "{0AF808DB-AA24-43C4-934D-E51A6A634552}"
	ProjectSection(SolutionItems) = preProject
		Readme.txt = Readme.txt
	EndProjectSection
EndProject
Project("{FAE04EC0-301F-11D3-BF4B-00C04F79EFBC}") = "SmartApplianceTests", "SmartApplianceTests\SmartApplianceTests.csproj", "{C04AB095-8130-43C2-85C1-7C2D5F897BCE}"
EndProject
Project("{FAE04EC0-301F-11D3-BF4B-00C04F79EFBC}") = "Models", "Models\Models.csproj", "{29436EF5-BD76-440F-9DA8-DC8F93E27067}"
EndProject
Project("{FAE04EC0-301F-11D3-BF4B-00C04F79EFBC}") = "SmartApplianceLib", "SmartApplianceLib\SmartApplianceLib.csproj", "{981F70A1-A90B-4E25-92D0-1118DB64BA0B}"
EndProject
Global
	GlobalSection(SolutionConfigurationPlatforms) = preSolution
		Debug|Any CPU = Debug|Any CPU
		Release|Any CPU = Release|Any CPU
	EndGlobalSection
	GlobalSection(ProjectConfigurationPlatforms) = postSolution
		{C04AB095-8130-43C2-85C1-7C2D5F897BCE}.Debug|Any CPU.ActiveCfg = Debug|Any CPU
		{C04AB095-8130-43C2-85C1-7C2D5F897BCE}.Debug|Any CPU.Build.0 = Debug|Any CPU
		{C04AB095-8130-43C2-85C1-7C2D5F897BCE}.Release|Any CPU.ActiveCfg = Release|Any CPU
		{C04AB095-8130-43C2-85C1-7C2D5F897BCE}.Release|Any CPU.Build.0 = Release|Any CPU
		{29436EF5-BD76-440F-9DA8-DC8F93E27067}.Debug|Any CPU.ActiveCfg = Debug|Any CPU
		{29436EF5-BD76-440F-9DA8-DC8F93E27067}.Debug|Any CPU.Build.0 = Debug|Any CPU
		{29436EF5-BD76-440F-9DA8-DC8F93E27067}.Release|Any CPU.ActiveCfg = Release|Any CPU
		{29436EF5-BD76-440F-9DA8-DC8F93E27067}.Release|Any CPU.Build.0 = Release|Any CPU
		{981F70A1-A90B-4E25-92D0-1118DB64BA0B}.Debug|Any CPU.ActiveCfg = Debug|Any CPU
		{981F70A1-A90B-4E25-92D0-1118DB64BA0B}.Debug|Any CPU.Build.0 = Debug|Any CPU
		{981F70A1-A90B-4E25-92D0-1118DB64BA0B}.Release|Any CPU.ActiveCfg = Release|Any CPU
		{981F70A1-A90B-4E25-92D0-1118DB64BA0B}.Release|Any CPU.Build.0 = Release|Any CPU
	EndGlobalSection
	GlobalSection(SolutionProperties) = preSolution
		HideSolutionNode = FALSE
	EndGlobalSection
	GlobalSection(ExtensibilityGlobals) = postSolution
		SolutionGuid = {E852E783-2CDC-4364-940F-A8CEF59DB99F}
	EndGlobalSection
EndGlobal
